// !$*UTF8*$!
{
	archiveVersion = 1;
	classes = {
	};
	objectVersion = 50;
	objects = {

/* Begin PBXBuildFile section */
		F3AD98AA2361647D00025979 /* AppDelegate.swift in Sources */ = {isa = PBXBuildFile; fileRef = F3AD98A92361647D00025979 /* AppDelegate.swift */; };
		F3AD98AE2361647D00025979 /* MainViewController.swift in Sources */ = {isa = PBXBuildFile; fileRef = F3AD98AD2361647D00025979 /* MainViewController.swift */; };
		F3AD98B32361647F00025979 /* Assets.xcassets in Resources */ = {isa = PBXBuildFile; fileRef = F3AD98B22361647F00025979 /* Assets.xcassets */; };
		F3AD98B62361647F00025979 /* LaunchScreen.storyboard in Resources */ = {isa = PBXBuildFile; fileRef = F3AD98B42361647F00025979 /* LaunchScreen.storyboard */; };
		F3AD98CE23617C5100025979 /* Differentiator.framework in Frameworks */ = {isa = PBXBuildFile; fileRef = F3AD98C423617C5100025979 /* Differentiator.framework */; };
		F3AD98CF23617C5100025979 /* RxCocoa.framework in Frameworks */ = {isa = PBXBuildFile; fileRef = F3AD98C523617C5100025979 /* RxCocoa.framework */; };
		F3AD98D023617C5100025979 /* SnapKit.framework in Frameworks */ = {isa = PBXBuildFile; fileRef = F3AD98C623617C5100025979 /* SnapKit.framework */; };
		F3AD98D123617C5100025979 /* Alamofire.framework in Frameworks */ = {isa = PBXBuildFile; fileRef = F3AD98C723617C5100025979 /* Alamofire.framework */; };
		F3AD98D223617C5100025979 /* RxDataSources.framework in Frameworks */ = {isa = PBXBuildFile; fileRef = F3AD98C823617C5100025979 /* RxDataSources.framework */; };
		F3AD98D323617C5100025979 /* Kingfisher.framework in Frameworks */ = {isa = PBXBuildFile; fileRef = F3AD98C923617C5100025979 /* Kingfisher.framework */; };
		F3AD98D423617C5100025979 /* RxRelay.framework in Frameworks */ = {isa = PBXBuildFile; fileRef = F3AD98CA23617C5100025979 /* RxRelay.framework */; };
		F3AD98D523617C5100025979 /* ReactorKitRuntime.framework in Frameworks */ = {isa = PBXBuildFile; fileRef = F3AD98CB23617C5100025979 /* ReactorKitRuntime.framework */; };
		F3AD98D623617C5100025979 /* ReactorKit.framework in Frameworks */ = {isa = PBXBuildFile; fileRef = F3AD98CC23617C5100025979 /* ReactorKit.framework */; };
		F3AD98D723617C5100025979 /* RxSwift.framework in Frameworks */ = {isa = PBXBuildFile; fileRef = F3AD98CD23617C5100025979 /* RxSwift.framework */; };
		F3AD98DA23617F4900025979 /* Constants.swift in Sources */ = {isa = PBXBuildFile; fileRef = F3AD98D923617F4900025979 /* Constants.swift */; };
		F3AD98DD23617FA800025979 /* NSObject.name.swift in Sources */ = {isa = PBXBuildFile; fileRef = F3AD98DC23617FA800025979 /* NSObject.name.swift */; };
		F3AD98DF23617FBA00025979 /* Primitive+adjust.swift in Sources */ = {isa = PBXBuildFile; fileRef = F3AD98DE23617FBA00025979 /* Primitive+adjust.swift */; };
		F3AD98E123617FC700025979 /* UIColor+hex.swift in Sources */ = {isa = PBXBuildFile; fileRef = F3AD98E023617FC700025979 /* UIColor+hex.swift */; };
		F3AD98E323617FDB00025979 /* UIView+autolayout.swift in Sources */ = {isa = PBXBuildFile; fileRef = F3AD98E223617FDB00025979 /* UIView+autolayout.swift */; };
		F3AD98E523617FF400025979 /* UIViewController+rx.swift in Sources */ = {isa = PBXBuildFile; fileRef = F3AD98E423617FF400025979 /* UIViewController+rx.swift */; };
		F3AD98EB236181A600025979 /* ServiceProvider.swift in Sources */ = {isa = PBXBuildFile; fileRef = F3AD98EA236181A600025979 /* ServiceProvider.swift */; };
		F3AD98ED236181C800025979 /* BaseService.swift in Sources */ = {isa = PBXBuildFile; fileRef = F3AD98EC236181C800025979 /* BaseService.swift */; };
		F3AD98EF236181E400025979 /* NetworkService.swift in Sources */ = {isa = PBXBuildFile; fileRef = F3AD98EE236181E400025979 /* NetworkService.swift */; };
		F3AD98F12361820B00025979 /* Logger.swift in Sources */ = {isa = PBXBuildFile; fileRef = F3AD98F02361820B00025979 /* Logger.swift */; };
		F3AD98F4236182EA00025979 /* JSONCodec.swift in Sources */ = {isa = PBXBuildFile; fileRef = F3AD98F3236182EA00025979 /* JSONCodec.swift */; };
		F3AD98F7236183FC00025979 /* AppCoordinator.swift in Sources */ = {isa = PBXBuildFile; fileRef = F3AD98F6236183FC00025979 /* AppCoordinator.swift */; };
		F3AD98F92361846400025979 /* RootViewController.swift in Sources */ = {isa = PBXBuildFile; fileRef = F3AD98F82361846400025979 /* RootViewController.swift */; };
		F3AD98FB2361847600025979 /* MainViewReactor.swift in Sources */ = {isa = PBXBuildFile; fileRef = F3AD98FA2361847600025979 /* MainViewReactor.swift */; };
		F3AD98FD236185B800025979 /* MainView.swift in Sources */ = {isa = PBXBuildFile; fileRef = F3AD98FC236185B800025979 /* MainView.swift */; };
		F3AD98FF236186E400025979 /* Localizable.strings in Resources */ = {isa = PBXBuildFile; fileRef = F3AD98FE236186E400025979 /* Localizable.strings */; };
		F3D7C33B2361879B00AA1C1D /* String+localized.swift in Sources */ = {isa = PBXBuildFile; fileRef = F3D7C33A2361879B00AA1C1D /* String+localized.swift */; };
		F3D7C33E23618D5B00AA1C1D /* UserTableViewCell.swift in Sources */ = {isa = PBXBuildFile; fileRef = F3D7C33D23618D5B00AA1C1D /* UserTableViewCell.swift */; };
		F3D7C3402361926800AA1C1D /* UserTableViewCellReactor.swift in Sources */ = {isa = PBXBuildFile; fileRef = F3D7C33F2361926800AA1C1D /* UserTableViewCellReactor.swift */; };
/* End PBXBuildFile section */

/* Begin PBXFileReference section */
		F3AD98A62361647D00025979 /* github_search.app */ = {isa = PBXFileReference; explicitFileType = wrapper.application; includeInIndex = 0; path = github_search.app; sourceTree = BUILT_PRODUCTS_DIR; };
		F3AD98A92361647D00025979 /* AppDelegate.swift */ = {isa = PBXFileReference; lastKnownFileType = sourcecode.swift; path = AppDelegate.swift; sourceTree = "<group>"; };
		F3AD98AD2361647D00025979 /* MainViewController.swift */ = {isa = PBXFileReference; lastKnownFileType = sourcecode.swift; path = MainViewController.swift; sourceTree = "<group>"; };
		F3AD98B22361647F00025979 /* Assets.xcassets */ = {isa = PBXFileReference; lastKnownFileType = folder.assetcatalog; path = Assets.xcassets; sourceTree = "<group>"; };
		F3AD98B52361647F00025979 /* Base */ = {isa = PBXFileReference; lastKnownFileType = file.storyboard; name = Base; path = Base.lproj/LaunchScreen.storyboard; sourceTree = "<group>"; };
		F3AD98B72361647F00025979 /* Info.plist */ = {isa = PBXFileReference; lastKnownFileType = text.plist.xml; path = Info.plist; sourceTree = "<group>"; };
		F3AD98C423617C5100025979 /* Differentiator.framework */ = {isa = PBXFileReference; lastKnownFileType = wrapper.framework; name = Differentiator.framework; path = Carthage/Build/iOS/Differentiator.framework; sourceTree = "<group>"; };
		F3AD98C523617C5100025979 /* RxCocoa.framework */ = {isa = PBXFileReference; lastKnownFileType = wrapper.framework; name = RxCocoa.framework; path = Carthage/Build/iOS/RxCocoa.framework; sourceTree = "<group>"; };
		F3AD98C623617C5100025979 /* SnapKit.framework */ = {isa = PBXFileReference; lastKnownFileType = wrapper.framework; name = SnapKit.framework; path = Carthage/Build/iOS/SnapKit.framework; sourceTree = "<group>"; };
		F3AD98C723617C5100025979 /* Alamofire.framework */ = {isa = PBXFileReference; lastKnownFileType = wrapper.framework; name = Alamofire.framework; path = Carthage/Build/iOS/Alamofire.framework; sourceTree = "<group>"; };
		F3AD98C823617C5100025979 /* RxDataSources.framework */ = {isa = PBXFileReference; lastKnownFileType = wrapper.framework; name = RxDataSources.framework; path = Carthage/Build/iOS/RxDataSources.framework; sourceTree = "<group>"; };
		F3AD98C923617C5100025979 /* Kingfisher.framework */ = {isa = PBXFileReference; lastKnownFileType = wrapper.framework; name = Kingfisher.framework; path = Carthage/Build/iOS/Kingfisher.framework; sourceTree = "<group>"; };
		F3AD98CA23617C5100025979 /* RxRelay.framework */ = {isa = PBXFileReference; lastKnownFileType = wrapper.framework; name = RxRelay.framework; path = Carthage/Build/iOS/RxRelay.framework; sourceTree = "<group>"; };
		F3AD98CB23617C5100025979 /* ReactorKitRuntime.framework */ = {isa = PBXFileReference; lastKnownFileType = wrapper.framework; name = ReactorKitRuntime.framework; path = Carthage/Build/iOS/ReactorKitRuntime.framework; sourceTree = "<group>"; };
		F3AD98CC23617C5100025979 /* ReactorKit.framework */ = {isa = PBXFileReference; lastKnownFileType = wrapper.framework; name = ReactorKit.framework; path = Carthage/Build/iOS/ReactorKit.framework; sourceTree = "<group>"; };
		F3AD98CD23617C5100025979 /* RxSwift.framework */ = {isa = PBXFileReference; lastKnownFileType = wrapper.framework; name = RxSwift.framework; path = Carthage/Build/iOS/RxSwift.framework; sourceTree = "<group>"; };
		F3AD98D923617F4900025979 /* Constants.swift */ = {isa = PBXFileReference; lastKnownFileType = sourcecode.swift; path = Constants.swift; sourceTree = "<group>"; };
		F3AD98DC23617FA800025979 /* NSObject.name.swift */ = {isa = PBXFileReference; lastKnownFileType = sourcecode.swift; path = NSObject.name.swift; sourceTree = "<group>"; };
		F3AD98DE23617FBA00025979 /* Primitive+adjust.swift */ = {isa = PBXFileReference; lastKnownFileType = sourcecode.swift; path = "Primitive+adjust.swift"; sourceTree = "<group>"; };
		F3AD98E023617FC700025979 /* UIColor+hex.swift */ = {isa = PBXFileReference; lastKnownFileType = sourcecode.swift; path = "UIColor+hex.swift"; sourceTree = "<group>"; };
		F3AD98E223617FDB00025979 /* UIView+autolayout.swift */ = {isa = PBXFileReference; lastKnownFileType = sourcecode.swift; path = "UIView+autolayout.swift"; sourceTree = "<group>"; };
		F3AD98E423617FF400025979 /* UIViewController+rx.swift */ = {isa = PBXFileReference; lastKnownFileType = sourcecode.swift; path = "UIViewController+rx.swift"; sourceTree = "<group>"; };
		F3AD98EA236181A600025979 /* ServiceProvider.swift */ = {isa = PBXFileReference; lastKnownFileType = sourcecode.swift; path = ServiceProvider.swift; sourceTree = "<group>"; };
		F3AD98EC236181C800025979 /* BaseService.swift */ = {isa = PBXFileReference; lastKnownFileType = sourcecode.swift; path = BaseService.swift; sourceTree = "<group>"; };
		F3AD98EE236181E400025979 /* NetworkService.swift */ = {isa = PBXFileReference; lastKnownFileType = sourcecode.swift; path = NetworkService.swift; sourceTree = "<group>"; };
		F3AD98F02361820B00025979 /* Logger.swift */ = {isa = PBXFileReference; lastKnownFileType = sourcecode.swift; path = Logger.swift; sourceTree = "<group>"; };
		F3AD98F3236182EA00025979 /* JSONCodec.swift */ = {isa = PBXFileReference; lastKnownFileType = sourcecode.swift; path = JSONCodec.swift; sourceTree = "<group>"; };
		F3AD98F6236183FC00025979 /* AppCoordinator.swift */ = {isa = PBXFileReference; lastKnownFileType = sourcecode.swift; path = AppCoordinator.swift; sourceTree = "<group>"; };
		F3AD98F82361846400025979 /* RootViewController.swift */ = {isa = PBXFileReference; lastKnownFileType = sourcecode.swift; path = RootViewController.swift; sourceTree = "<group>"; };
		F3AD98FA2361847600025979 /* MainViewReactor.swift */ = {isa = PBXFileReference; lastKnownFileType = sourcecode.swift; path = MainViewReactor.swift; sourceTree = "<group>"; };
		F3AD98FC236185B800025979 /* MainView.swift */ = {isa = PBXFileReference; lastKnownFileType = sourcecode.swift; path = MainView.swift; sourceTree = "<group>"; };
		F3AD98FE236186E400025979 /* Localizable.strings */ = {isa = PBXFileReference; lastKnownFileType = text.plist.strings; path = Localizable.strings; sourceTree = "<group>"; };
		F3D7C33A2361879B00AA1C1D /* String+localized.swift */ = {isa = PBXFileReference; lastKnownFileType = sourcecode.swift; path = "String+localized.swift"; sourceTree = "<group>"; };
		F3D7C33D23618D5B00AA1C1D /* UserTableViewCell.swift */ = {isa = PBXFileReference; lastKnownFileType = sourcecode.swift; path = UserTableViewCell.swift; sourceTree = "<group>"; };
		F3D7C33F2361926800AA1C1D /* UserTableViewCellReactor.swift */ = {isa = PBXFileReference; lastKnownFileType = sourcecode.swift; path = UserTableViewCellReactor.swift; sourceTree = "<group>"; };
/* End PBXFileReference section */

/* Begin PBXFrameworksBuildPhase section */
		F3AD98A32361647D00025979 /* Frameworks */ = {
			isa = PBXFrameworksBuildPhase;
			buildActionMask = 2147483647;
			files = (
				F3AD98CE23617C5100025979 /* Differentiator.framework in Frameworks */,
				F3AD98CF23617C5100025979 /* RxCocoa.framework in Frameworks */,
				F3AD98D023617C5100025979 /* SnapKit.framework in Frameworks */,
				F3AD98D123617C5100025979 /* Alamofire.framework in Frameworks */,
				F3AD98D223617C5100025979 /* RxDataSources.framework in Frameworks */,
				F3AD98D323617C5100025979 /* Kingfisher.framework in Frameworks */,
				F3AD98D423617C5100025979 /* RxRelay.framework in Frameworks */,
				F3AD98D523617C5100025979 /* ReactorKitRuntime.framework in Frameworks */,
				F3AD98D623617C5100025979 /* ReactorKit.framework in Frameworks */,
				F3AD98D723617C5100025979 /* RxSwift.framework in Frameworks */,
			);
			runOnlyForDeploymentPostprocessing = 0;
		};
/* End PBXFrameworksBuildPhase section */

/* Begin PBXGroup section */
		F3AD989D2361647D00025979 = {
			isa = PBXGroup;
			children = (
				F3AD98A82361647D00025979 /* github_search */,
				F3AD98A72361647D00025979 /* Products */,
				F3AD98C323617C5100025979 /* Frameworks */,
			);
			sourceTree = "<group>";
		};
		F3AD98A72361647D00025979 /* Products */ = {
			isa = PBXGroup;
			children = (
				F3AD98A62361647D00025979 /* github_search.app */,
			);
			name = Products;
			sourceTree = "<group>";
		};
		F3AD98A82361647D00025979 /* github_search */ = {
			isa = PBXGroup;
			children = (
				F3AD98BF236164C000025979 /* Resource */,
				F3AD98BE236164BB00025979 /* Source */,
				F3AD98BD236164B700025979 /* Support */,
			);
			path = github_search;
			sourceTree = "<group>";
		};
		F3AD98BD236164B700025979 /* Support */ = {
			isa = PBXGroup;
			children = (
				F3AD98B42361647F00025979 /* LaunchScreen.storyboard */,
				F3AD98B72361647F00025979 /* Info.plist */,
			);
			path = Support;
			sourceTree = "<group>";
		};
		F3AD98BE236164BB00025979 /* Source */ = {
			isa = PBXGroup;
			children = (
				F3AD98D823617F3B00025979 /* Common */,
				F3AD98DB23617F4F00025979 /* Extension */,
				F3AD98E72361816200025979 /* Model */,
				F3AD98E62361815000025979 /* Module */,
			);
			path = Source;
			sourceTree = "<group>";
		};
		F3AD98BF236164C000025979 /* Resource */ = {
			isa = PBXGroup;
			children = (
				F3AD98B22361647F00025979 /* Assets.xcassets */,
				F3AD98FE236186E400025979 /* Localizable.strings */,
			);
			path = Resource;
			sourceTree = "<group>";
		};
		F3AD98C0236166C500025979 /* App */ = {
			isa = PBXGroup;
			children = (
				F3AD98A92361647D00025979 /* AppDelegate.swift */,
				F3AD98F6236183FC00025979 /* AppCoordinator.swift */,
			);
			path = App;
			sourceTree = "<group>";
		};
		F3AD98C1236166CD00025979 /* Main */ = {
			isa = PBXGroup;
			children = (
				F3D7C33C23618D3F00AA1C1D /* Cell */,
				F3AD98AD2361647D00025979 /* MainViewController.swift */,
				F3AD98FC236185B800025979 /* MainView.swift */,
				F3AD98FA2361847600025979 /* MainViewReactor.swift */,
			);
			path = Main;
			sourceTree = "<group>";
		};
		F3AD98C323617C5100025979 /* Frameworks */ = {
			isa = PBXGroup;
			children = (
				F3AD98C723617C5100025979 /* Alamofire.framework */,
				F3AD98C423617C5100025979 /* Differentiator.framework */,
				F3AD98C923617C5100025979 /* Kingfisher.framework */,
				F3AD98CC23617C5100025979 /* ReactorKit.framework */,
				F3AD98CB23617C5100025979 /* ReactorKitRuntime.framework */,
				F3AD98C523617C5100025979 /* RxCocoa.framework */,
				F3AD98C823617C5100025979 /* RxDataSources.framework */,
				F3AD98CA23617C5100025979 /* RxRelay.framework */,
				F3AD98CD23617C5100025979 /* RxSwift.framework */,
				F3AD98C623617C5100025979 /* SnapKit.framework */,
			);
			name = Frameworks;
			sourceTree = "<group>";
		};
		F3AD98D823617F3B00025979 /* Common */ = {
			isa = PBXGroup;
			children = (
				F3AD98D923617F4900025979 /* Constants.swift */,
				F3AD98F02361820B00025979 /* Logger.swift */,
			);
			path = Common;
			sourceTree = "<group>";
		};
		F3AD98DB23617F4F00025979 /* Extension */ = {
			isa = PBXGroup;
			children = (
				F3AD98DC23617FA800025979 /* NSObject.name.swift */,
				F3AD98DE23617FBA00025979 /* Primitive+adjust.swift */,
				F3AD98E023617FC700025979 /* UIColor+hex.swift */,
				F3AD98E223617FDB00025979 /* UIView+autolayout.swift */,
				F3AD98E423617FF400025979 /* UIViewController+rx.swift */,
				F3D7C33A2361879B00AA1C1D /* String+localized.swift */,
			);
			path = Extension;
			sourceTree = "<group>";
		};
		F3AD98E62361815000025979 /* Module */ = {
			isa = PBXGroup;
			children = (
				F3AD98C0236166C500025979 /* App */,
				F3AD98F5236183E500025979 /* Root */,
				F3AD98C1236166CD00025979 /* Main */,
			);
			path = Module;
			sourceTree = "<group>";
		};
		F3AD98E72361816200025979 /* Model */ = {
			isa = PBXGroup;
			children = (
				F3AD98F2236182DB00025979 /* Util */,
				F3AD98E82361817200025979 /* Service */,
				F3AD98E92361817800025979 /* Data */,
			);
			path = Model;
			sourceTree = "<group>";
		};
		F3AD98E82361817200025979 /* Service */ = {
			isa = PBXGroup;
			children = (
				F3AD98EA236181A600025979 /* ServiceProvider.swift */,
				F3AD98EC236181C800025979 /* BaseService.swift */,
				F3AD98EE236181E400025979 /* NetworkService.swift */,
			);
			path = Service;
			sourceTree = "<group>";
		};
		F3AD98E92361817800025979 /* Data */ = {
			isa = PBXGroup;
			children = (
			);
			path = Data;
			sourceTree = "<group>";
		};
		F3AD98F2236182DB00025979 /* Util */ = {
			isa = PBXGroup;
			children = (
				F3AD98F3236182EA00025979 /* JSONCodec.swift */,
			);
			path = Util;
			sourceTree = "<group>";
		};
		F3AD98F5236183E500025979 /* Root */ = {
			isa = PBXGroup;
			children = (
				F3AD98F82361846400025979 /* RootViewController.swift */,
			);
			path = Root;
			sourceTree = "<group>";
		};
		F3D7C33C23618D3F00AA1C1D /* Cell */ = {
			isa = PBXGroup;
			children = (
				F3D7C33D23618D5B00AA1C1D /* UserTableViewCell.swift */,
				F3D7C33F2361926800AA1C1D /* UserTableViewCellReactor.swift */,
			);
			path = Cell;
			sourceTree = "<group>";
		};
/* End PBXGroup section */

/* Begin PBXNativeTarget section */
		F3AD98A52361647D00025979 /* github_search */ = {
			isa = PBXNativeTarget;
			buildConfigurationList = F3AD98BA2361647F00025979 /* Build configuration list for PBXNativeTarget "github_search" */;
			buildPhases = (
				F3AD98A22361647D00025979 /* Sources */,
				F3AD98A32361647D00025979 /* Frameworks */,
				F3AD98A42361647D00025979 /* Resources */,
				F3AD98C223616A4C00025979 /* Carthege */,
			);
			buildRules = (
			);
			dependencies = (
			);
			name = github_search;
			productName = github_search;
			productReference = F3AD98A62361647D00025979 /* github_search.app */;
			productType = "com.apple.product-type.application";
		};
/* End PBXNativeTarget section */

/* Begin PBXProject section */
		F3AD989E2361647D00025979 /* Project object */ = {
			isa = PBXProject;
			attributes = {
				LastSwiftUpdateCheck = 1110;
				LastUpgradeCheck = 1110;
				ORGANIZATIONNAME = JSilver;
				TargetAttributes = {
					F3AD98A52361647D00025979 = {
						CreatedOnToolsVersion = 11.1;
					};
				};
			};
			buildConfigurationList = F3AD98A12361647D00025979 /* Build configuration list for PBXProject "github_search" */;
			compatibilityVersion = "Xcode 9.3";
			developmentRegion = en;
			hasScannedForEncodings = 0;
			knownRegions = (
				en,
				Base,
			);
			mainGroup = F3AD989D2361647D00025979;
			productRefGroup = F3AD98A72361647D00025979 /* Products */;
			projectDirPath = "";
			projectRoot = "";
			targets = (
				F3AD98A52361647D00025979 /* github_search */,
			);
		};
/* End PBXProject section */

/* Begin PBXResourcesBuildPhase section */
		F3AD98A42361647D00025979 /* Resources */ = {
			isa = PBXResourcesBuildPhase;
			buildActionMask = 2147483647;
			files = (
				F3AD98B62361647F00025979 /* LaunchScreen.storyboard in Resources */,
				F3AD98FF236186E400025979 /* Localizable.strings in Resources */,
				F3AD98B32361647F00025979 /* Assets.xcassets in Resources */,
			);
			runOnlyForDeploymentPostprocessing = 0;
		};
/* End PBXResourcesBuildPhase section */

/* Begin PBXShellScriptBuildPhase section */
		F3AD98C223616A4C00025979 /* Carthege */ = {
			isa = PBXShellScriptBuildPhase;
			buildActionMask = 2147483647;
			files = (
			);
			inputFileListPaths = (
			);
			inputPaths = (
				"$(SRCROOT)/Carthage/Build/iOS/Differentiator.framework",
				"$(SRCROOT)/Carthage/Build/iOS/RxCocoa.framework",
				"$(SRCROOT)/Carthage/Build/iOS/SnapKit.framework",
				"$(SRCROOT)/Carthage/Build/iOS/Alamofire.framework",
				"$(SRCROOT)/Carthage/Build/iOS/RxDataSources.framework",
				"$(SRCROOT)/Carthage/Build/iOS/Kingfisher.framework",
				"$(SRCROOT)/Carthage/Build/iOS/RxRelay.framework",
				"$(SRCROOT)/Carthage/Build/iOS/ReactorKitRuntime.framework",
				"$(SRCROOT)/Carthage/Build/iOS/ReactorKit.framework",
				"$(SRCROOT)/Carthage/Build/iOS/RxSwift.framework",
			);
			name = Carthege;
			outputFileListPaths = (
			);
			outputPaths = (
			);
			runOnlyForDeploymentPostprocessing = 0;
			shellPath = /bin/sh;
			shellScript = "/usr/local/bin/carthage copy-frameworks\n";
		};
/* End PBXShellScriptBuildPhase section */

/* Begin PBXSourcesBuildPhase section */
		F3AD98A22361647D00025979 /* Sources */ = {
			isa = PBXSourcesBuildPhase;
			buildActionMask = 2147483647;
			files = (
				F3AD98FB2361847600025979 /* MainViewReactor.swift in Sources */,
				F3AD98F4236182EA00025979 /* JSONCodec.swift in Sources */,
				F3AD98EF236181E400025979 /* NetworkService.swift in Sources */,
				F3AD98AE2361647D00025979 /* MainViewController.swift in Sources */,
				F3AD98DF23617FBA00025979 /* Primitive+adjust.swift in Sources */,
				F3AD98DD23617FA800025979 /* NSObject.name.swift in Sources */,
				F3AD98F92361846400025979 /* RootViewController.swift in Sources */,
				F3AD98EB236181A600025979 /* ServiceProvider.swift in Sources */,
				F3AD98F7236183FC00025979 /* AppCoordinator.swift in Sources */,
				F3AD98E323617FDB00025979 /* UIView+autolayout.swift in Sources */,
				F3AD98E123617FC700025979 /* UIColor+hex.swift in Sources */,
				F3AD98FD236185B800025979 /* MainView.swift in Sources */,
				F3D7C33E23618D5B00AA1C1D /* UserTableViewCell.swift in Sources */,
				F3AD98F12361820B00025979 /* Logger.swift in Sources */,
				F3AD98AA2361647D00025979 /* AppDelegate.swift in Sources */,
				F3D7C3402361926800AA1C1D /* UserTableViewCellReactor.swift in Sources */,
				F3AD98E523617FF400025979 /* UIViewController+rx.swift in Sources */,
				F3AD98ED236181C800025979 /* BaseService.swift in Sources */,
				F3D7C33B2361879B00AA1C1D /* String+localized.swift in Sources */,
				F3AD98DA23617F4900025979 /* Constants.swift in Sources */,
			);
			runOnlyForDeploymentPostprocessing = 0;
		};
/* End PBXSourcesBuildPhase section */

/* Begin PBXVariantGroup section */
		F3AD98B42361647F00025979 /* LaunchScreen.storyboard */ = {
			isa = PBXVariantGroup;
			children = (
				F3AD98B52361647F00025979 /* Base */,
			);
			name = LaunchScreen.storyboard;
			sourceTree = "<group>";
		};
/* End PBXVariantGroup section */

/* Begin XCBuildConfiguration section */
		F3AD98B82361647F00025979 /* Debug */ = {
			isa = XCBuildConfiguration;
			buildSettings = {
				ALWAYS_SEARCH_USER_PATHS = NO;
				CLANG_ANALYZER_NONNULL = YES;
				CLANG_ANALYZER_NUMBER_OBJECT_CONVERSION = YES_AGGRESSIVE;
				CLANG_CXX_LANGUAGE_STANDARD = "gnu++14";
				CLANG_CXX_LIBRARY = "libc++";
				CLANG_ENABLE_MODULES = YES;
				CLANG_ENABLE_OBJC_ARC = YES;
				CLANG_ENABLE_OBJC_WEAK = YES;
				CLANG_WARN_BLOCK_CAPTURE_AUTORELEASING = YES;
				CLANG_WARN_BOOL_CONVERSION = YES;
				CLANG_WARN_COMMA = YES;
				CLANG_WARN_CONSTANT_CONVERSION = YES;
				CLANG_WARN_DEPRECATED_OBJC_IMPLEMENTATIONS = YES;
				CLANG_WARN_DIRECT_OBJC_ISA_USAGE = YES_ERROR;
				CLANG_WARN_DOCUMENTATION_COMMENTS = YES;
				CLANG_WARN_EMPTY_BODY = YES;
				CLANG_WARN_ENUM_CONVERSION = YES;
				CLANG_WARN_INFINITE_RECURSION = YES;
				CLANG_WARN_INT_CONVERSION = YES;
				CLANG_WARN_NON_LITERAL_NULL_CONVERSION = YES;
				CLANG_WARN_OBJC_IMPLICIT_RETAIN_SELF = YES;
				CLANG_WARN_OBJC_LITERAL_CONVERSION = YES;
				CLANG_WARN_OBJC_ROOT_CLASS = YES_ERROR;
				CLANG_WARN_RANGE_LOOP_ANALYSIS = YES;
				CLANG_WARN_STRICT_PROTOTYPES = YES;
				CLANG_WARN_SUSPICIOUS_MOVE = YES;
				CLANG_WARN_UNGUARDED_AVAILABILITY = YES_AGGRESSIVE;
				CLANG_WARN_UNREACHABLE_CODE = YES;
				CLANG_WARN__DUPLICATE_METHOD_MATCH = YES;
				COPY_PHASE_STRIP = NO;
				DEBUG_INFORMATION_FORMAT = dwarf;
				ENABLE_STRICT_OBJC_MSGSEND = YES;
				ENABLE_TESTABILITY = YES;
				GCC_C_LANGUAGE_STANDARD = gnu11;
				GCC_DYNAMIC_NO_PIC = NO;
				GCC_NO_COMMON_BLOCKS = YES;
				GCC_OPTIMIZATION_LEVEL = 0;
				GCC_PREPROCESSOR_DEFINITIONS = (
					"DEBUG=1",
					"$(inherited)",
				);
				GCC_WARN_64_TO_32_BIT_CONVERSION = YES;
				GCC_WARN_ABOUT_RETURN_TYPE = YES_ERROR;
				GCC_WARN_UNDECLARED_SELECTOR = YES;
				GCC_WARN_UNINITIALIZED_AUTOS = YES_AGGRESSIVE;
				GCC_WARN_UNUSED_FUNCTION = YES;
				GCC_WARN_UNUSED_VARIABLE = YES;
				IPHONEOS_DEPLOYMENT_TARGET = 13.1;
				MTL_ENABLE_DEBUG_INFO = INCLUDE_SOURCE;
				MTL_FAST_MATH = YES;
				ONLY_ACTIVE_ARCH = YES;
				SDKROOT = iphoneos;
				SWIFT_ACTIVE_COMPILATION_CONDITIONS = DEBUG;
				SWIFT_OPTIMIZATION_LEVEL = "-Onone";
			};
			name = Debug;
		};
		F3AD98B92361647F00025979 /* Release */ = {
			isa = XCBuildConfiguration;
			buildSettings = {
				ALWAYS_SEARCH_USER_PATHS = NO;
				CLANG_ANALYZER_NONNULL = YES;
				CLANG_ANALYZER_NUMBER_OBJECT_CONVERSION = YES_AGGRESSIVE;
				CLANG_CXX_LANGUAGE_STANDARD = "gnu++14";
				CLANG_CXX_LIBRARY = "libc++";
				CLANG_ENABLE_MODULES = YES;
				CLANG_ENABLE_OBJC_ARC = YES;
				CLANG_ENABLE_OBJC_WEAK = YES;
				CLANG_WARN_BLOCK_CAPTURE_AUTORELEASING = YES;
				CLANG_WARN_BOOL_CONVERSION = YES;
				CLANG_WARN_COMMA = YES;
				CLANG_WARN_CONSTANT_CONVERSION = YES;
				CLANG_WARN_DEPRECATED_OBJC_IMPLEMENTATIONS = YES;
				CLANG_WARN_DIRECT_OBJC_ISA_USAGE = YES_ERROR;
				CLANG_WARN_DOCUMENTATION_COMMENTS = YES;
				CLANG_WARN_EMPTY_BODY = YES;
				CLANG_WARN_ENUM_CONVERSION = YES;
				CLANG_WARN_INFINITE_RECURSION = YES;
				CLANG_WARN_INT_CONVERSION = YES;
				CLANG_WARN_NON_LITERAL_NULL_CONVERSION = YES;
				CLANG_WARN_OBJC_IMPLICIT_RETAIN_SELF = YES;
				CLANG_WARN_OBJC_LITERAL_CONVERSION = YES;
				CLANG_WARN_OBJC_ROOT_CLASS = YES_ERROR;
				CLANG_WARN_RANGE_LOOP_ANALYSIS = YES;
				CLANG_WARN_STRICT_PROTOTYPES = YES;
				CLANG_WARN_SUSPICIOUS_MOVE = YES;
				CLANG_WARN_UNGUARDED_AVAILABILITY = YES_AGGRESSIVE;
				CLANG_WARN_UNREACHABLE_CODE = YES;
				CLANG_WARN__DUPLICATE_METHOD_MATCH = YES;
				COPY_PHASE_STRIP = NO;
				DEBUG_INFORMATION_FORMAT = "dwarf-with-dsym";
				ENABLE_NS_ASSERTIONS = NO;
				ENABLE_STRICT_OBJC_MSGSEND = YES;
				GCC_C_LANGUAGE_STANDARD = gnu11;
				GCC_NO_COMMON_BLOCKS = YES;
				GCC_WARN_64_TO_32_BIT_CONVERSION = YES;
				GCC_WARN_ABOUT_RETURN_TYPE = YES_ERROR;
				GCC_WARN_UNDECLARED_SELECTOR = YES;
				GCC_WARN_UNINITIALIZED_AUTOS = YES_AGGRESSIVE;
				GCC_WARN_UNUSED_FUNCTION = YES;
				GCC_WARN_UNUSED_VARIABLE = YES;
				IPHONEOS_DEPLOYMENT_TARGET = 13.1;
				MTL_ENABLE_DEBUG_INFO = NO;
				MTL_FAST_MATH = YES;
				SDKROOT = iphoneos;
				SWIFT_COMPILATION_MODE = wholemodule;
				SWIFT_OPTIMIZATION_LEVEL = "-O";
				VALIDATE_PRODUCT = YES;
			};
			name = Release;
		};
		F3AD98BB2361647F00025979 /* Debug */ = {
			isa = XCBuildConfiguration;
			buildSettings = {
				ASSETCATALOG_COMPILER_APPICON_NAME = AppIcon;
				CODE_SIGN_STYLE = Automatic;
				DEVELOPMENT_TEAM = 6VSLC69397;
				FRAMEWORK_SEARCH_PATHS = (
					"$(inherited)",
					"$(PROJECT_DIR)/Carthage/Build/iOS",
				);
				INFOPLIST_FILE = github_search/Support/Info.plist;
				LD_RUNPATH_SEARCH_PATHS = (
					"$(inherited)",
					"@executable_path/Frameworks",
				);
				PRODUCT_BUNDLE_IDENTIFIER = "jsilver.test.github-search";
				PRODUCT_NAME = "$(TARGET_NAME)";
				SWIFT_VERSION = 5.0;
				TARGETED_DEVICE_FAMILY = 1;
			};
			name = Debug;
		};
		F3AD98BC2361647F00025979 /* Release */ = {
			isa = XCBuildConfiguration;
			buildSettings = {
				ASSETCATALOG_COMPILER_APPICON_NAME = AppIcon;
				CODE_SIGN_STYLE = Automatic;
				DEVELOPMENT_TEAM = 6VSLC69397;
				FRAMEWORK_SEARCH_PATHS = (
					"$(inherited)",
					"$(PROJECT_DIR)/Carthage/Build/iOS",
				);
				INFOPLIST_FILE = github_search/Support/Info.plist;
				LD_RUNPATH_SEARCH_PATHS = (
					"$(inherited)",
					"@executable_path/Frameworks",
				);
				PRODUCT_BUNDLE_IDENTIFIER = "jsilver.test.github-search";
				PRODUCT_NAME = "$(TARGET_NAME)";
				SWIFT_VERSION = 5.0;
				TARGETED_DEVICE_FAMILY = 1;
			};
			name = Release;
		};
/* End XCBuildConfiguration section */

/* Begin XCConfigurationList section */
		F3AD98A12361647D00025979 /* Build configuration list for PBXProject "github_search" */ = {
			isa = XCConfigurationList;
			buildConfigurations = (
				F3AD98B82361647F00025979 /* Debug */,
				F3AD98B92361647F00025979 /* Release */,
			);
			defaultConfigurationIsVisible = 0;
			defaultConfigurationName = Release;
		};
		F3AD98BA2361647F00025979 /* Build configuration list for PBXNativeTarget "github_search" */ = {
			isa = XCConfigurationList;
			buildConfigurations = (
				F3AD98BB2361647F00025979 /* Debug */,
				F3AD98BC2361647F00025979 /* Release */,
			);
			defaultConfigurationIsVisible = 0;
			defaultConfigurationName = Release;
		};
/* End XCConfigurationList section */
	};
	rootObject = F3AD989E2361647D00025979 /* Project object */;
}
